
Microsoft Visual Studio Solution File, Format Version 12.00
# Visual Studio Version 16
VisualStudioVersion = 16.0.31410.357
MinimumVisualStudioVersion = 10.0.40219.1
Project("{FAE04EC0-301F-11D3-BF4B-00C04F79EFBC}") = "Client", "Client\Client.csproj", "{0865AE39-FE87-4A5F-9DFA-1C8065C4732F}"
EndProject
Global
	GlobalSection(SolutionConfigurationPlatforms) = preSolution
		Debug|Any CPU = Debug|Any CPU
		Release|Any CPU = Release|Any CPU
	EndGlobalSection
	GlobalSection(ProjectConfigurationPlatforms) = postSolution
		{0865AE39-FE87-4A5F-9DFA-1C8065C4732F}.Debug|Any CPU.ActiveCfg = Debug|Any CPU
		{0865AE39-FE87-4A5F-9DFA-1C8065C4732F}.Debug|Any CPU.Build.0 = Debug|Any CPU
		{0865AE39-FE87-4A5F-9DFA-1C8065C4732F}.Release|Any CPU.ActiveCfg = Release|Any CPU
		{0865AE39-FE87-4A5F-9DFA-1C8065C4732F}.Release|Any CPU.Build.0 = Release|Any CPU
	EndGlobalSection
	GlobalSection(SolutionProperties) = preSolution
		HideSolutionNode = FALSE
	EndGlobalSection
	GlobalSection(ExtensibilityGlobals) = postSolution
		SolutionGuid = {1F675CB5-11A8-4FAE-B8C2-FD8A20B11AFE}
	EndGlobalSection
EndGlobal
